
Microsoft Visual Studio Solution File, Format Version 12.00
# Visual Studio Version 16
VisualStudioVersion = 16.0.30011.22
MinimumVisualStudioVersion = 10.0.40219.1
Project("{9A19103F-16F7-4668-BE54-9A1E7A4F7556}") = "Litio.Remember.UnitTestTools.xUnitTest", "Litio.Remember.UnitTestTools.UnitTest\Litio.Remember.UnitTestTools.xUnitTest.csproj", "{C6B725A2-31C8-42FB-953C-153C4F364B1A}"
EndProject
Project("{9A19103F-16F7-4668-BE54-9A1E7A4F7556}") = "Litio.Remember.UnitTestTools.Core", "Litio.Remember.UnitTestTools.Core\Litio.Remember.UnitTestTools.Core.csproj", "{8D9D2165-147E-4073-A2AA-6F63A7961CA5}"
EndProject
Project("{9A19103F-16F7-4668-BE54-9A1E7A4F7556}") = "Litio.Remember.UnitTestTools.Models", "Litio.Remember.UnitTestTools.Models\Litio.Remember.UnitTestTools.Models.csproj", "{B00B2F35-8F29-4AA0-91C0-6293D75D693A}"
EndProject
Project("{FAE04EC0-301F-11D3-BF4B-00C04F79EFBC}") = "Litio.Remember.UnitTestTools.SharedDroid", "Litio.Remember.UnitTestTools.SharedDroid\Litio.Remember.UnitTestTools.SharedDroid.csproj", "{AEAADD52-D768-4C35-8730-E3374551A360}"
EndProject
Project("{FAE04EC0-301F-11D3-BF4B-00C04F79EFBC}") = "Litio.Remember.UnitTestTools.UnitTestNetStandard", "Litio.Remember.UnitTestTools.UnitTestNetStandard\Litio.Remember.UnitTestTools.UnitTestNetStandard.csproj", "{9944D891-2879-4F5C-AF87-738AFFE46D75}"
EndProject
Global
	GlobalSection(SolutionConfigurationPlatforms) = preSolution
		Debug|Any CPU = Debug|Any CPU
		Release|Any CPU = Release|Any CPU
	EndGlobalSection
	GlobalSection(ProjectConfigurationPlatforms) = postSolution
		{C6B725A2-31C8-42FB-953C-153C4F364B1A}.Debug|Any CPU.ActiveCfg = Debug|Any CPU
		{C6B725A2-31C8-42FB-953C-153C4F364B1A}.Debug|Any CPU.Build.0 = Debug|Any CPU
		{C6B725A2-31C8-42FB-953C-153C4F364B1A}.Release|Any CPU.ActiveCfg = Release|Any CPU
		{C6B725A2-31C8-42FB-953C-153C4F364B1A}.Release|Any CPU.Build.0 = Release|Any CPU
		{8D9D2165-147E-4073-A2AA-6F63A7961CA5}.Debug|Any CPU.ActiveCfg = Debug|Any CPU
		{8D9D2165-147E-4073-A2AA-6F63A7961CA5}.Debug|Any CPU.Build.0 = Debug|Any CPU
		{8D9D2165-147E-4073-A2AA-6F63A7961CA5}.Release|Any CPU.ActiveCfg = Release|Any CPU
		{8D9D2165-147E-4073-A2AA-6F63A7961CA5}.Release|Any CPU.Build.0 = Release|Any CPU
		{B00B2F35-8F29-4AA0-91C0-6293D75D693A}.Debug|Any CPU.ActiveCfg = Debug|Any CPU
		{B00B2F35-8F29-4AA0-91C0-6293D75D693A}.Debug|Any CPU.Build.0 = Debug|Any CPU
		{B00B2F35-8F29-4AA0-91C0-6293D75D693A}.Release|Any CPU.ActiveCfg = Release|Any CPU
		{B00B2F35-8F29-4AA0-91C0-6293D75D693A}.Release|Any CPU.Build.0 = Release|Any CPU
		{AEAADD52-D768-4C35-8730-E3374551A360}.Debug|Any CPU.ActiveCfg = Debug|Any CPU
		{AEAADD52-D768-4C35-8730-E3374551A360}.Debug|Any CPU.Build.0 = Debug|Any CPU
		{AEAADD52-D768-4C35-8730-E3374551A360}.Release|Any CPU.ActiveCfg = Release|Any CPU
		{AEAADD52-D768-4C35-8730-E3374551A360}.Release|Any CPU.Build.0 = Release|Any CPU
		{9944D891-2879-4F5C-AF87-738AFFE46D75}.Debug|Any CPU.ActiveCfg = Debug|Any CPU
		{9944D891-2879-4F5C-AF87-738AFFE46D75}.Debug|Any CPU.Build.0 = Debug|Any CPU
		{9944D891-2879-4F5C-AF87-738AFFE46D75}.Release|Any CPU.ActiveCfg = Release|Any CPU
		{9944D891-2879-4F5C-AF87-738AFFE46D75}.Release|Any CPU.Build.0 = Release|Any CPU
	EndGlobalSection
	GlobalSection(SolutionProperties) = preSolution
		HideSolutionNode = FALSE
	EndGlobalSection
	GlobalSection(ExtensibilityGlobals) = postSolution
		SolutionGuid = {0F80C957-C270-4AF5-AEDE-EE638ABD3F8D}
	EndGlobalSection
EndGlobal
